
Microsoft Visual Studio Solution File, Format Version 12.00
# Visual Studio Version 16
VisualStudioVersion = 16.0.30114.105
MinimumVisualStudioVersion = 10.0.40219.1
Project("{FAE04EC0-301F-11D3-BF4B-00C04F79EFBC}") = "Publisher", "Publisher\Publisher.csproj", "{F2BB722E-366A-4ACA-8E5E-82F46EAF7DCE}"
EndProject
Project("{FAE04EC0-301F-11D3-BF4B-00C04F79EFBC}") = "Subscriber", "Subscriber\Subscriber.csproj", "{B0C9BF3F-38B4-4A7D-93DD-A03ACA981775}"
EndProject
Project("{E53339B2-1760-4266-BCC7-CA923CBCF16C}") = "docker-compose", "docker-compose.dcproj", "{87D0C476-E6F3-44BC-8FBC-599ED5195B1C}"
EndProject
Project("{FAE04EC0-301F-11D3-BF4B-00C04F79EFBC}") = "Common.Messages", "Common.Messages\Common.Messages.csproj", "{68E544E1-E4D3-4CCD-8C1B-C39770BEB780}"
EndProject
Project("{2150E333-8FDC-42A3-9474-1A3956D46DE8}") = "Solution Items", "Solution Items", "{A5CAF92A-64BD-4ED3-8612-7E0988A3D18E}"
	ProjectSection(SolutionItems) = preProject
		readme.md = readme.md
	EndProjectSection
EndProject
Global
	GlobalSection(SolutionConfigurationPlatforms) = preSolution
		Debug|Any CPU = Debug|Any CPU
		Release|Any CPU = Release|Any CPU
	EndGlobalSection
	GlobalSection(ProjectConfigurationPlatforms) = postSolution
		{F2BB722E-366A-4ACA-8E5E-82F46EAF7DCE}.Debug|Any CPU.ActiveCfg = Debug|Any CPU
		{F2BB722E-366A-4ACA-8E5E-82F46EAF7DCE}.Debug|Any CPU.Build.0 = Debug|Any CPU
		{F2BB722E-366A-4ACA-8E5E-82F46EAF7DCE}.Release|Any CPU.ActiveCfg = Release|Any CPU
		{F2BB722E-366A-4ACA-8E5E-82F46EAF7DCE}.Release|Any CPU.Build.0 = Release|Any CPU
		{B0C9BF3F-38B4-4A7D-93DD-A03ACA981775}.Debug|Any CPU.ActiveCfg = Debug|Any CPU
		{B0C9BF3F-38B4-4A7D-93DD-A03ACA981775}.Debug|Any CPU.Build.0 = Debug|Any CPU
		{B0C9BF3F-38B4-4A7D-93DD-A03ACA981775}.Release|Any CPU.ActiveCfg = Release|Any CPU
		{B0C9BF3F-38B4-4A7D-93DD-A03ACA981775}.Release|Any CPU.Build.0 = Release|Any CPU
		{87D0C476-E6F3-44BC-8FBC-599ED5195B1C}.Debug|Any CPU.ActiveCfg = Debug|Any CPU
		{87D0C476-E6F3-44BC-8FBC-599ED5195B1C}.Debug|Any CPU.Build.0 = Debug|Any CPU
		{87D0C476-E6F3-44BC-8FBC-599ED5195B1C}.Release|Any CPU.ActiveCfg = Release|Any CPU
		{87D0C476-E6F3-44BC-8FBC-599ED5195B1C}.Release|Any CPU.Build.0 = Release|Any CPU
		{68E544E1-E4D3-4CCD-8C1B-C39770BEB780}.Debug|Any CPU.ActiveCfg = Debug|Any CPU
		{68E544E1-E4D3-4CCD-8C1B-C39770BEB780}.Debug|Any CPU.Build.0 = Debug|Any CPU
		{68E544E1-E4D3-4CCD-8C1B-C39770BEB780}.Release|Any CPU.ActiveCfg = Release|Any CPU
		{68E544E1-E4D3-4CCD-8C1B-C39770BEB780}.Release|Any CPU.Build.0 = Release|Any CPU
	EndGlobalSection
	GlobalSection(SolutionProperties) = preSolution
		HideSolutionNode = FALSE
	EndGlobalSection
	GlobalSection(ExtensibilityGlobals) = postSolution
		SolutionGuid = {C72D01B2-A726-43ED-BA62-1841220B428E}
	EndGlobalSection
EndGlobal
